// !$*UTF8*$!
{
	archiveVersion = 1;
	classes = {
	};
	objectVersion = 50;
	objects = {

/* Begin PBXBuildFile section */
		04D52A3725C9B2D2002B8728 /* AppDelegate.swift in Sources */ = {isa = PBXBuildFile; fileRef = 04D52A3625C9B2D2002B8728 /* AppDelegate.swift */; };
		04D52A3925C9B2D2002B8728 /* SceneDelegate.swift in Sources */ = {isa = PBXBuildFile; fileRef = 04D52A3825C9B2D2002B8728 /* SceneDelegate.swift */; };
		04D52A3B25C9B2D2002B8728 /* ViewController.swift in Sources */ = {isa = PBXBuildFile; fileRef = 04D52A3A25C9B2D2002B8728 /* ViewController.swift */; };
		04D52A3E25C9B2D2002B8728 /* Main.storyboard in Resources */ = {isa = PBXBuildFile; fileRef = 04D52A3C25C9B2D2002B8728 /* Main.storyboard */; };
		04D52A4025C9B2D4002B8728 /* Assets.xcassets in Resources */ = {isa = PBXBuildFile; fileRef = 04D52A3F25C9B2D4002B8728 /* Assets.xcassets */; };
		04D52A4325C9B2D4002B8728 /* LaunchScreen.storyboard in Resources */ = {isa = PBXBuildFile; fileRef = 04D52A4125C9B2D4002B8728 /* LaunchScreen.storyboard */; };
		04D52A4E25C9B2D5002B8728 /* TechPodTests.swift in Sources */ = {isa = PBXBuildFile; fileRef = 04D52A4D25C9B2D5002B8728 /* TechPodTests.swift */; };
		04D52A5925C9B2D5002B8728 /* TechPodUITests.swift in Sources */ = {isa = PBXBuildFile; fileRef = 04D52A5825C9B2D5002B8728 /* TechPodUITests.swift */; };
		04D52A7225C9C455002B8728 /* cannon.mp3 in Resources */ = {isa = PBXBuildFile; fileRef = 04D52A6B25C9C455002B8728 /* cannon.mp3 */; };
		04D52A7325C9C455002B8728 /* elise.mp3 in Resources */ = {isa = PBXBuildFile; fileRef = 04D52A6C25C9C455002B8728 /* elise.mp3 */; };
		04D52A7425C9C455002B8728 /* aria.mp3 in Resources */ = {isa = PBXBuildFile; fileRef = 04D52A6D25C9C455002B8728 /* aria.mp3 */; };
		04D52A7525C9C455002B8728 /* Beethoven.jpg in Resources */ = {isa = PBXBuildFile; fileRef = 04D52A6F25C9C455002B8728 /* Beethoven.jpg */; };
		04D52A7625C9C455002B8728 /* Pachelbel.jpg in Resources */ = {isa = PBXBuildFile; fileRef = 04D52A7025C9C455002B8728 /* Pachelbel.jpg */; };
		04D52A7725C9C455002B8728 /* Bach.jpg in Resources */ = {isa = PBXBuildFile; fileRef = 04D52A7125C9C455002B8728 /* Bach.jpg */; };
/* End PBXBuildFile section */

/* Begin PBXContainerItemProxy section */
		04D52A4A25C9B2D5002B8728 /* PBXContainerItemProxy */ = {
			isa = PBXContainerItemProxy;
			containerPortal = 04D52A2B25C9B2D2002B8728 /* Project object */;
			proxyType = 1;
			remoteGlobalIDString = 04D52A3225C9B2D2002B8728;
			remoteInfo = TechPod;
		};
		04D52A5525C9B2D5002B8728 /* PBXContainerItemProxy */ = {
			isa = PBXContainerItemProxy;
			containerPortal = 04D52A2B25C9B2D2002B8728 /* Project object */;
			proxyType = 1;
			remoteGlobalIDString = 04D52A3225C9B2D2002B8728;
			remoteInfo = TechPod;
		};
/* End PBXContainerItemProxy section */

/* Begin PBXFileReference section */
		04D52A3325C9B2D2002B8728 /* TechPod.app */ = {isa = PBXFileReference; explicitFileType = wrapper.application; includeInIndex = 0; path = TechPod.app; sourceTree = BUILT_PRODUCTS_DIR; };
		04D52A3625C9B2D2002B8728 /* AppDelegate.swift */ = {isa = PBXFileReference; lastKnownFileType = sourcecode.swift; path = AppDelegate.swift; sourceTree = "<group>"; };
		04D52A3825C9B2D2002B8728 /* SceneDelegate.swift */ = {isa = PBXFileReference; lastKnownFileType = sourcecode.swift; path = SceneDelegate.swift; sourceTree = "<group>"; };
		04D52A3A25C9B2D2002B8728 /* ViewController.swift */ = {isa = PBXFileReference; lastKnownFileType = sourcecode.swift; path = ViewController.swift; sourceTree = "<group>"; };
		04D52A3D25C9B2D2002B8728 /* Base */ = {isa = PBXFileReference; lastKnownFileType = file.storyboard; name = Base; path = Base.lproj/Main.storyboard; sourceTree = "<group>"; };
		04D52A3F25C9B2D4002B8728 /* Assets.xcassets */ = {isa = PBXFileReference; lastKnownFileType = folder.assetcatalog; path = Assets.xcassets; sourceTree = "<group>"; };
		04D52A4225C9B2D4002B8728 /* Base */ = {isa = PBXFileReference; lastKnownFileType = file.storyboard; name = Base; path = Base.lproj/LaunchScreen.storyboard; sourceTree = "<group>"; };
		04D52A4425C9B2D4002B8728 /* Info.plist */ = {isa = PBXFileReference; lastKnownFileType = text.plist.xml; path = Info.plist; sourceTree = "<group>"; };
		04D52A4925C9B2D5002B8728 /* TechPodTests.xctest */ = {isa = PBXFileReference; explicitFileType = wrapper.cfbundle; includeInIndex = 0; path = TechPodTests.xctest; sourceTree = BUILT_PRODUCTS_DIR; };
		04D52A4D25C9B2D5002B8728 /* TechPodTests.swift */ = {isa = PBXFileReference; lastKnownFileType = sourcecode.swift; path = TechPodTests.swift; sourceTree = "<group>"; };
		04D52A4F25C9B2D5002B8728 /* Info.plist */ = {isa = PBXFileReference; lastKnownFileType = text.plist.xml; path = Info.plist; sourceTree = "<group>"; };
		04D52A5425C9B2D5002B8728 /* TechPodUITests.xctest */ = {isa = PBXFileReference; explicitFileType = wrapper.cfbundle; includeInIndex = 0; path = TechPodUITests.xctest; sourceTree = BUILT_PRODUCTS_DIR; };
		04D52A5825C9B2D5002B8728 /* TechPodUITests.swift */ = {isa = PBXFileReference; lastKnownFileType = sourcecode.swift; path = TechPodUITests.swift; sourceTree = "<group>"; };
		04D52A5A25C9B2D5002B8728 /* Info.plist */ = {isa = PBXFileReference; lastKnownFileType = text.plist.xml; path = Info.plist; sourceTree = "<group>"; };
		04D52A6B25C9C455002B8728 /* cannon.mp3 */ = {isa = PBXFileReference; lastKnownFileType = audio.mp3; path = cannon.mp3; sourceTree = "<group>"; };
		04D52A6C25C9C455002B8728 /* elise.mp3 */ = {isa = PBXFileReference; lastKnownFileType = audio.mp3; path = elise.mp3; sourceTree = "<group>"; };
		04D52A6D25C9C455002B8728 /* aria.mp3 */ = {isa = PBXFileReference; lastKnownFileType = audio.mp3; path = aria.mp3; sourceTree = "<group>"; };
		04D52A6F25C9C455002B8728 /* Beethoven.jpg */ = {isa = PBXFileReference; lastKnownFileType = image.jpeg; path = Beethoven.jpg; sourceTree = "<group>"; };
		04D52A7025C9C455002B8728 /* Pachelbel.jpg */ = {isa = PBXFileReference; lastKnownFileType = image.jpeg; path = Pachelbel.jpg; sourceTree = "<group>"; };
		04D52A7125C9C455002B8728 /* Bach.jpg */ = {isa = PBXFileReference; lastKnownFileType = image.jpeg; path = Bach.jpg; sourceTree = "<group>"; };
/* End PBXFileReference section */

/* Begin PBXFrameworksBuildPhase section */
		04D52A3025C9B2D2002B8728 /* Frameworks */ = {
			isa = PBXFrameworksBuildPhase;
			buildActionMask = 2147483647;
			files = (
			);
			runOnlyForDeploymentPostprocessing = 0;
		};
		04D52A4625C9B2D5002B8728 /* Frameworks */ = {
			isa = PBXFrameworksBuildPhase;
			buildActionMask = 2147483647;
			files = (
			);
			runOnlyForDeploymentPostprocessing = 0;
		};
		04D52A5125C9B2D5002B8728 /* Frameworks */ = {
			isa = PBXFrameworksBuildPhase;
			buildActionMask = 2147483647;
			files = (
			);
			runOnlyForDeploymentPostprocessing = 0;
		};
/* End PBXFrameworksBuildPhase section */

/* Begin PBXGroup section */
		04D52A2A25C9B2D2002B8728 = {
			isa = PBXGroup;
			children = (
				04D52A3525C9B2D2002B8728 /* TechPod */,
				04D52A4C25C9B2D5002B8728 /* TechPodTests */,
				04D52A5725C9B2D5002B8728 /* TechPodUITests */,
				04D52A3425C9B2D2002B8728 /* Products */,
			);
			sourceTree = "<group>";
		};
		04D52A3425C9B2D2002B8728 /* Products */ = {
			isa = PBXGroup;
			children = (
				04D52A3325C9B2D2002B8728 /* TechPod.app */,
				04D52A4925C9B2D5002B8728 /* TechPodTests.xctest */,
				04D52A5425C9B2D5002B8728 /* TechPodUITests.xctest */,
			);
			name = Products;
			sourceTree = "<group>";
		};
		04D52A3525C9B2D2002B8728 /* TechPod */ = {
			isa = PBXGroup;
			children = (
				04D52A6925C9C455002B8728 /* Resources */,
				04D52A3625C9B2D2002B8728 /* AppDelegate.swift */,
				04D52A3825C9B2D2002B8728 /* SceneDelegate.swift */,
				04D52A3A25C9B2D2002B8728 /* ViewController.swift */,
				04D52A3C25C9B2D2002B8728 /* Main.storyboard */,
				04D52A3F25C9B2D4002B8728 /* Assets.xcassets */,
				04D52A4125C9B2D4002B8728 /* LaunchScreen.storyboard */,
				04D52A4425C9B2D4002B8728 /* Info.plist */,
			);
			path = TechPod;
			sourceTree = "<group>";
		};
		04D52A4C25C9B2D5002B8728 /* TechPodTests */ = {
			isa = PBXGroup;
			children = (
				04D52A4D25C9B2D5002B8728 /* TechPodTests.swift */,
				04D52A4F25C9B2D5002B8728 /* Info.plist */,
			);
			path = TechPodTests;
			sourceTree = "<group>";
		};
		04D52A5725C9B2D5002B8728 /* TechPodUITests */ = {
			isa = PBXGroup;
			children = (
				04D52A5825C9B2D5002B8728 /* TechPodUITests.swift */,
				04D52A5A25C9B2D5002B8728 /* Info.plist */,
			);
			path = TechPodUITests;
			sourceTree = "<group>";
		};
		04D52A6925C9C455002B8728 /* Resources */ = {
			isa = PBXGroup;
			children = (
				04D52A6A25C9C455002B8728 /* Songs */,
				04D52A6E25C9C455002B8728 /* Images */,
			);
			path = Resources;
			sourceTree = "<group>";
		};
		04D52A6A25C9C455002B8728 /* Songs */ = {
			isa = PBXGroup;
			children = (
				04D52A6B25C9C455002B8728 /* cannon.mp3 */,
				04D52A6C25C9C455002B8728 /* elise.mp3 */,
				04D52A6D25C9C455002B8728 /* aria.mp3 */,
			);
			path = Songs;
			sourceTree = "<group>";
		};
		04D52A6E25C9C455002B8728 /* Images */ = {
			isa = PBXGroup;
			children = (
				04D52A6F25C9C455002B8728 /* Beethoven.jpg */,
				04D52A7025C9C455002B8728 /* Pachelbel.jpg */,
				04D52A7125C9C455002B8728 /* Bach.jpg */,
			);
			path = Images;
			sourceTree = "<group>";
		};
/* End PBXGroup section */

/* Begin PBXNativeTarget section */
		04D52A3225C9B2D2002B8728 /* TechPod */ = {
			isa = PBXNativeTarget;
			buildConfigurationList = 04D52A5D25C9B2D5002B8728 /* Build configuration list for PBXNativeTarget "TechPod" */;
			buildPhases = (
				04D52A2F25C9B2D2002B8728 /* Sources */,
				04D52A3025C9B2D2002B8728 /* Frameworks */,
				04D52A3125C9B2D2002B8728 /* Resources */,
			);
			buildRules = (
			);
			dependencies = (
			);
			name = TechPod;
			productName = TechPod;
			productReference = 04D52A3325C9B2D2002B8728 /* TechPod.app */;
			productType = "com.apple.product-type.application";
		};
		04D52A4825C9B2D5002B8728 /* TechPodTests */ = {
			isa = PBXNativeTarget;
			buildConfigurationList = 04D52A6025C9B2D5002B8728 /* Build configuration list for PBXNativeTarget "TechPodTests" */;
			buildPhases = (
				04D52A4525C9B2D5002B8728 /* Sources */,
				04D52A4625C9B2D5002B8728 /* Frameworks */,
				04D52A4725C9B2D5002B8728 /* Resources */,
			);
			buildRules = (
			);
			dependencies = (
				04D52A4B25C9B2D5002B8728 /* PBXTargetDependency */,
			);
			name = TechPodTests;
			productName = TechPodTests;
			productReference = 04D52A4925C9B2D5002B8728 /* TechPodTests.xctest */;
			productType = "com.apple.product-type.bundle.unit-test";
		};
		04D52A5325C9B2D5002B8728 /* TechPodUITests */ = {
			isa = PBXNativeTarget;
			buildConfigurationList = 04D52A6325C9B2D5002B8728 /* Build configuration list for PBXNativeTarget "TechPodUITests" */;
			buildPhases = (
				04D52A5025C9B2D5002B8728 /* Sources */,
				04D52A5125C9B2D5002B8728 /* Frameworks */,
				04D52A5225C9B2D5002B8728 /* Resources */,
			);
			buildRules = (
			);
			dependencies = (
				04D52A5625C9B2D5002B8728 /* PBXTargetDependency */,
			);
			name = TechPodUITests;
			productName = TechPodUITests;
			productReference = 04D52A5425C9B2D5002B8728 /* TechPodUITests.xctest */;
			productType = "com.apple.product-type.bundle.ui-testing";
		};
/* End PBXNativeTarget section */

/* Begin PBXProject section */
		04D52A2B25C9B2D2002B8728 /* Project object */ = {
			isa = PBXProject;
			attributes = {
				LastSwiftUpdateCheck = 1240;
				LastUpgradeCheck = 1240;
				TargetAttributes = {
					04D52A3225C9B2D2002B8728 = {
						CreatedOnToolsVersion = 12.4;
					};
					04D52A4825C9B2D5002B8728 = {
						CreatedOnToolsVersion = 12.4;
						TestTargetID = 04D52A3225C9B2D2002B8728;
					};
					04D52A5325C9B2D5002B8728 = {
						CreatedOnToolsVersion = 12.4;
						TestTargetID = 04D52A3225C9B2D2002B8728;
					};
				};
			};
			buildConfigurationList = 04D52A2E25C9B2D2002B8728 /* Build configuration list for PBXProject "TechPod" */;
			compatibilityVersion = "Xcode 9.3";
			developmentRegion = en;
			hasScannedForEncodings = 0;
			knownRegions = (
				en,
				Base,
			);
			mainGroup = 04D52A2A25C9B2D2002B8728;
			productRefGroup = 04D52A3425C9B2D2002B8728 /* Products */;
			projectDirPath = "";
			projectRoot = "";
			targets = (
				04D52A3225C9B2D2002B8728 /* TechPod */,
				04D52A4825C9B2D5002B8728 /* TechPodTests */,
				04D52A5325C9B2D5002B8728 /* TechPodUITests */,
			);
		};
/* End PBXProject section */

/* Begin PBXResourcesBuildPhase section */
		04D52A3125C9B2D2002B8728 /* Resources */ = {
			isa = PBXResourcesBuildPhase;
			buildActionMask = 2147483647;
			files = (
				04D52A4325C9B2D4002B8728 /* LaunchScreen.storyboard in Resources */,
				04D52A7225C9C455002B8728 /* cannon.mp3 in Resources */,
				04D52A7725C9C455002B8728 /* Bach.jpg in Resources */,
				04D52A7325C9C455002B8728 /* elise.mp3 in Resources */,
				04D52A4025C9B2D4002B8728 /* Assets.xcassets in Resources */,
				04D52A7625C9C455002B8728 /* Pachelbel.jpg in Resources */,
				04D52A3E25C9B2D2002B8728 /* Main.storyboard in Resources */,
				04D52A7425C9C455002B8728 /* aria.mp3 in Resources */,
				04D52A7525C9C455002B8728 /* Beethoven.jpg in Resources */,
			);
			runOnlyForDeploymentPostprocessing = 0;
		};
		04D52A4725C9B2D5002B8728 /* Resources */ = {
			isa = PBXResourcesBuildPhase;
			buildActionMask = 2147483647;
			files = (
			);
			runOnlyForDeploymentPostprocessing = 0;
		};
		04D52A5225C9B2D5002B8728 /* Resources */ = {
			isa = PBXResourcesBuildPhase;
			buildActionMask = 2147483647;
			files = (
			);
			runOnlyForDeploymentPostprocessing = 0;
		};
/* End PBXResourcesBuildPhase section */

/* Begin PBXSourcesBuildPhase section */
		04D52A2F25C9B2D2002B8728 /* Sources */ = {
			isa = PBXSourcesBuildPhase;
			buildActionMask = 2147483647;
			files = (
				04D52A3B25C9B2D2002B8728 /* ViewController.swift in Sources */,
				04D52A3725C9B2D2002B8728 /* AppDelegate.swift in Sources */,
				04D52A3925C9B2D2002B8728 /* SceneDelegate.swift in Sources */,
			);
			runOnlyForDeploymentPostprocessing = 0;
		};
		04D52A4525C9B2D5002B8728 /* Sources */ = {
			isa = PBXSourcesBuildPhase;
			buildActionMask = 2147483647;
			files = (
				04D52A4E25C9B2D5002B8728 /* TechPodTests.swift in Sources */,
			);
			runOnlyForDeploymentPostprocessing = 0;
		};
		04D52A5025C9B2D5002B8728 /* Sources */ = {
			isa = PBXSourcesBuildPhase;
			buildActionMask = 2147483647;
			files = (
				04D52A5925C9B2D5002B8728 /* TechPodUITests.swift in Sources */,
			);
			runOnlyForDeploymentPostprocessing = 0;
		};
/* End PBXSourcesBuildPhase section */

/* Begin PBXTargetDependency section */
		04D52A4B25C9B2D5002B8728 /* PBXTargetDependency */ = {
			isa = PBXTargetDependency;
			target = 04D52A3225C9B2D2002B8728 /* TechPod */;
			targetProxy = 04D52A4A25C9B2D5002B8728 /* PBXContainerItemProxy */;
		};
		04D52A5625C9B2D5002B8728 /* PBXTargetDependency */ = {
			isa = PBXTargetDependency;
			target = 04D52A3225C9B2D2002B8728 /* TechPod */;
			targetProxy = 04D52A5525C9B2D5002B8728 /* PBXContainerItemProxy */;
		};
/* End PBXTargetDependency section */

/* Begin PBXVariantGroup section */
		04D52A3C25C9B2D2002B8728 /* Main.storyboard */ = {
			isa = PBXVariantGroup;
			children = (
				04D52A3D25C9B2D2002B8728 /* Base */,
			);
			name = Main.storyboard;
			sourceTree = "<group>";
		};
		04D52A4125C9B2D4002B8728 /* LaunchScreen.storyboard */ = {
			isa = PBXVariantGroup;
			children = (
				04D52A4225C9B2D4002B8728 /* Base */,
			);
			name = LaunchScreen.storyboard;
			sourceTree = "<group>";
		};
/* End PBXVariantGroup section */

/* Begin XCBuildConfiguration section */
		04D52A5B25C9B2D5002B8728 /* Debug */ = {
			isa = XCBuildConfiguration;
			buildSettings = {
				ALWAYS_SEARCH_USER_PATHS = NO;
				CLANG_ANALYZER_NONNULL = YES;
				CLANG_ANALYZER_NUMBER_OBJECT_CONVERSION = YES_AGGRESSIVE;
				CLANG_CXX_LANGUAGE_STANDARD = "gnu++14";
				CLANG_CXX_LIBRARY = "libc++";
				CLANG_ENABLE_MODULES = YES;
				CLANG_ENABLE_OBJC_ARC = YES;
				CLANG_ENABLE_OBJC_WEAK = YES;
				CLANG_WARN_BLOCK_CAPTURE_AUTORELEASING = YES;
				CLANG_WARN_BOOL_CONVERSION = YES;
				CLANG_WARN_COMMA = YES;
				CLANG_WARN_CONSTANT_CONVERSION = YES;
				CLANG_WARN_DEPRECATED_OBJC_IMPLEMENTATIONS = YES;
				CLANG_WARN_DIRECT_OBJC_ISA_USAGE = YES_ERROR;
				CLANG_WARN_DOCUMENTATION_COMMENTS = YES;
				CLANG_WARN_EMPTY_BODY = YES;
				CLANG_WARN_ENUM_CONVERSION = YES;
				CLANG_WARN_INFINITE_RECURSION = YES;
				CLANG_WARN_INT_CONVERSION = YES;
				CLANG_WARN_NON_LITERAL_NULL_CONVERSION = YES;
				CLANG_WARN_OBJC_IMPLICIT_RETAIN_SELF = YES;
				CLANG_WARN_OBJC_LITERAL_CONVERSION = YES;
				CLANG_WARN_OBJC_ROOT_CLASS = YES_ERROR;
				CLANG_WARN_QUOTED_INCLUDE_IN_FRAMEWORK_HEADER = YES;
				CLANG_WARN_RANGE_LOOP_ANALYSIS = YES;
				CLANG_WARN_STRICT_PROTOTYPES = YES;
				CLANG_WARN_SUSPICIOUS_MOVE = YES;
				CLANG_WARN_UNGUARDED_AVAILABILITY = YES_AGGRESSIVE;
				CLANG_WARN_UNREACHABLE_CODE = YES;
				CLANG_WARN__DUPLICATE_METHOD_MATCH = YES;
				COPY_PHASE_STRIP = NO;
				DEBUG_INFORMATION_FORMAT = dwarf;
				ENABLE_STRICT_OBJC_MSGSEND = YES;
				ENABLE_TESTABILITY = YES;
				GCC_C_LANGUAGE_STANDARD = gnu11;
				GCC_DYNAMIC_NO_PIC = NO;
				GCC_NO_COMMON_BLOCKS = YES;
				GCC_OPTIMIZATION_LEVEL = 0;
				GCC_PREPROCESSOR_DEFINITIONS = (
					"DEBUG=1",
					"$(inherited)",
				);
				GCC_WARN_64_TO_32_BIT_CONVERSION = YES;
				GCC_WARN_ABOUT_RETURN_TYPE = YES_ERROR;
				GCC_WARN_UNDECLARED_SELECTOR = YES;
				GCC_WARN_UNINITIALIZED_AUTOS = YES_AGGRESSIVE;
				GCC_WARN_UNUSED_FUNCTION = YES;
				GCC_WARN_UNUSED_VARIABLE = YES;
				IPHONEOS_DEPLOYMENT_TARGET = 14.4;
				MTL_ENABLE_DEBUG_INFO = INCLUDE_SOURCE;
				MTL_FAST_MATH = YES;
				ONLY_ACTIVE_ARCH = YES;
				SDKROOT = iphoneos;
				SWIFT_ACTIVE_COMPILATION_CONDITIONS = DEBUG;
				SWIFT_OPTIMIZATION_LEVEL = "-Onone";
			};
			name = Debug;
		};
		04D52A5C25C9B2D5002B8728 /* Release */ = {
			isa = XCBuildConfiguration;
			buildSettings = {
				ALWAYS_SEARCH_USER_PATHS = NO;
				CLANG_ANALYZER_NONNULL = YES;
				CLANG_ANALYZER_NUMBER_OBJECT_CONVERSION = YES_AGGRESSIVE;
				CLANG_CXX_LANGUAGE_STANDARD = "gnu++14";
				CLANG_CXX_LIBRARY = "libc++";
				CLANG_ENABLE_MODULES = YES;
				CLANG_ENABLE_OBJC_ARC = YES;
				CLANG_ENABLE_OBJC_WEAK = YES;
				CLANG_WARN_BLOCK_CAPTURE_AUTORELEASING = YES;
				CLANG_WARN_BOOL_CONVERSION = YES;
				CLANG_WARN_COMMA = YES;
				CLANG_WARN_CONSTANT_CONVERSION = YES;
				CLANG_WARN_DEPRECATED_OBJC_IMPLEMENTATIONS = YES;
				CLANG_WARN_DIRECT_OBJC_ISA_USAGE = YES_ERROR;
				CLANG_WARN_DOCUMENTATION_COMMENTS = YES;
				CLANG_WARN_EMPTY_BODY = YES;
				CLANG_WARN_ENUM_CONVERSION = YES;
				CLANG_WARN_INFINITE_RECURSION = YES;
				CLANG_WARN_INT_CONVERSION = YES;
				CLANG_WARN_NON_LITERAL_NULL_CONVERSION = YES;
				CLANG_WARN_OBJC_IMPLICIT_RETAIN_SELF = YES;
				CLANG_WARN_OBJC_LITERAL_CONVERSION = YES;
				CLANG_WARN_OBJC_ROOT_CLASS = YES_ERROR;
				CLANG_WARN_QUOTED_INCLUDE_IN_FRAMEWORK_HEADER = YES;
				CLANG_WARN_RANGE_LOOP_ANALYSIS = YES;
				CLANG_WARN_STRICT_PROTOTYPES = YES;
				CLANG_WARN_SUSPICIOUS_MOVE = YES;
				CLANG_WARN_UNGUARDED_AVAILABILITY = YES_AGGRESSIVE;
				CLANG_WARN_UNREACHABLE_CODE = YES;
				CLANG_WARN__DUPLICATE_METHOD_MATCH = YES;
				COPY_PHASE_STRIP = NO;
				DEBUG_INFORMATION_FORMAT = "dwarf-with-dsym";
				ENABLE_NS_ASSERTIONS = NO;
				ENABLE_STRICT_OBJC_MSGSEND = YES;
				GCC_C_LANGUAGE_STANDARD = gnu11;
				GCC_NO_COMMON_BLOCKS = YES;
				GCC_WARN_64_TO_32_BIT_CONVERSION = YES;
				GCC_WARN_ABOUT_RETURN_TYPE = YES_ERROR;
				GCC_WARN_UNDECLARED_SELECTOR = YES;
				GCC_WARN_UNINITIALIZED_AUTOS = YES_AGGRESSIVE;
				GCC_WARN_UNUSED_FUNCTION = YES;
				GCC_WARN_UNUSED_VARIABLE = YES;
				IPHONEOS_DEPLOYMENT_TARGET = 14.4;
				MTL_ENABLE_DEBUG_INFO = NO;
				MTL_FAST_MATH = YES;
				SDKROOT = iphoneos;
				SWIFT_COMPILATION_MODE = wholemodule;
				SWIFT_OPTIMIZATION_LEVEL = "-O";
				VALIDATE_PRODUCT = YES;
			};
			name = Release;
		};
		04D52A5E25C9B2D5002B8728 /* Debug */ = {
			isa = XCBuildConfiguration;
			buildSettings = {
				ASSETCATALOG_COMPILER_APPICON_NAME = AppIcon;
				ASSETCATALOG_COMPILER_GLOBAL_ACCENT_COLOR_NAME = AccentColor;
				CODE_SIGN_STYLE = Automatic;
				INFOPLIST_FILE = TechPod/Info.plist;
				LD_RUNPATH_SEARCH_PATHS = (
					"$(inherited)",
					"@executable_path/Frameworks",
				);
				PRODUCT_BUNDLE_IDENTIFIER = app.goto.anchan.TechPod;
				PRODUCT_NAME = "$(TARGET_NAME)";
				SWIFT_VERSION = 5.0;
				TARGETED_DEVICE_FAMILY = "1,2";
			};
			name = Debug;
		};
		04D52A5F25C9B2D5002B8728 /* Release */ = {
			isa = XCBuildConfiguration;
			buildSettings = {
				ASSETCATALOG_COMPILER_APPICON_NAME = AppIcon;
				ASSETCATALOG_COMPILER_GLOBAL_ACCENT_COLOR_NAME = AccentColor;
				CODE_SIGN_STYLE = Automatic;
				INFOPLIST_FILE = TechPod/Info.plist;
				LD_RUNPATH_SEARCH_PATHS = (
					"$(inherited)",
					"@executable_path/Frameworks",
				);
				PRODUCT_BUNDLE_IDENTIFIER = app.goto.anchan.TechPod;
				PRODUCT_NAME = "$(TARGET_NAME)";
				SWIFT_VERSION = 5.0;
				TARGETED_DEVICE_FAMILY = "1,2";
			};
			name = Release;
		};
		04D52A6125C9B2D5002B8728 /* Debug */ = {
			isa = XCBuildConfiguration;
			buildSettings = {
				ALWAYS_EMBED_SWIFT_STANDARD_LIBRARIES = YES;
				BUNDLE_LOADER = "$(TEST_HOST)";
				CODE_SIGN_STYLE = Automatic;
				INFOPLIST_FILE = TechPodTests/Info.plist;
				IPHONEOS_DEPLOYMENT_TARGET = 14.4;
				LD_RUNPATH_SEARCH_PATHS = (
					"$(inherited)",
					"@executable_path/Frameworks",
					"@loader_path/Frameworks",
				);
				PRODUCT_BUNDLE_IDENTIFIER = app.goto.anchan.TechPodTests;
				PRODUCT_NAME = "$(TARGET_NAME)";
				SWIFT_VERSION = 5.0;
				TARGETED_DEVICE_FAMILY = "1,2";
				TEST_HOST = "$(BUILT_PRODUCTS_DIR)/TechPod.app/TechPod";
			};
			name = Debug;
		};
		04D52A6225C9B2D5002B8728 /* Release */ = {
			isa = XCBuildConfiguration;
			buildSettings = {
				ALWAYS_EMBED_SWIFT_STANDARD_LIBRARIES = YES;
				BUNDLE_LOADER = "$(TEST_HOST)";
				CODE_SIGN_STYLE = Automatic;
				INFOPLIST_FILE = TechPodTests/Info.plist;
				IPHONEOS_DEPLOYMENT_TARGET = 14.4;
				LD_RUNPATH_SEARCH_PATHS = (
					"$(inherited)",
					"@executable_path/Frameworks",
					"@loader_path/Frameworks",
				);
				PRODUCT_BUNDLE_IDENTIFIER = app.goto.anchan.TechPodTests;
				PRODUCT_NAME = "$(TARGET_NAME)";
				SWIFT_VERSION = 5.0;
				TARGETED_DEVICE_FAMILY = "1,2";
				TEST_HOST = "$(BUILT_PRODUCTS_DIR)/TechPod.app/TechPod";
			};
			name = Release;
		};
		04D52A6425C9B2D5002B8728 /* Debug */ = {
			isa = XCBuildConfiguration;
			buildSettings = {
				ALWAYS_EMBED_SWIFT_STANDARD_LIBRARIES = YES;
				CODE_SIGN_STYLE = Automatic;
				INFOPLIST_FILE = TechPodUITests/Info.plist;
				LD_RUNPATH_SEARCH_PATHS = (
					"$(inherited)",
					"@executable_path/Frameworks",
					"@loader_path/Frameworks",
				);
				PRODUCT_BUNDLE_IDENTIFIER = app.goto.anchan.TechPodUITests;
				PRODUCT_NAME = "$(TARGET_NAME)";
				SWIFT_VERSION = 5.0;
				TARGETED_DEVICE_FAMILY = "1,2";
				TEST_TARGET_NAME = TechPod;
			};
			name = Debug;
		};
		04D52A6525C9B2D5002B8728 /* Release */ = {
			isa = XCBuildConfiguration;
			buildSettings = {
				ALWAYS_EMBED_SWIFT_STANDARD_LIBRARIES = YES;
				CODE_SIGN_STYLE = Automatic;
				INFOPLIST_FILE = TechPodUITests/Info.plist;
				LD_RUNPATH_SEARCH_PATHS = (
					"$(inherited)",
					"@executable_path/Frameworks",
					"@loader_path/Frameworks",
				);
				PRODUCT_BUNDLE_IDENTIFIER = app.goto.anchan.TechPodUITests;
				PRODUCT_NAME = "$(TARGET_NAME)";
				SWIFT_VERSION = 5.0;
				TARGETED_DEVICE_FAMILY = "1,2";
				TEST_TARGET_NAME = TechPod;
			};
			name = Release;
		};
/* End XCBuildConfiguration section */

/* Begin XCConfigurationList section */
		04D52A2E25C9B2D2002B8728 /* Build configuration list for PBXProject "TechPod" */ = {
			isa = XCConfigurationList;
			buildConfigurations = (
				04D52A5B25C9B2D5002B8728 /* Debug */,
				04D52A5C25C9B2D5002B8728 /* Release */,
			);
			defaultConfigurationIsVisible = 0;
			defaultConfigurationName = Release;
		};
		04D52A5D25C9B2D5002B8728 /* Build configuration list for PBXNativeTarget "TechPod" */ = {
			isa = XCConfigurationList;
			buildConfigurations = (
				04D52A5E25C9B2D5002B8728 /* Debug */,
				04D52A5F25C9B2D5002B8728 /* Release */,
			);
			defaultConfigurationIsVisible = 0;
			defaultConfigurationName = Release;
		};
		04D52A6025C9B2D5002B8728 /* Build configuration list for PBXNativeTarget "TechPodTests" */ = {
			isa = XCConfigurationList;
			buildConfigurations = (
				04D52A6125C9B2D5002B8728 /* Debug */,
				04D52A6225C9B2D5002B8728 /* Release */,
			);
			defaultConfigurationIsVisible = 0;
			defaultConfigurationName = Release;
		};
		04D52A6325C9B2D5002B8728 /* Build configuration list for PBXNativeTarget "TechPodUITests" */ = {
			isa = XCConfigurationList;
			buildConfigurations = (
				04D52A6425C9B2D5002B8728 /* Debug */,
				04D52A6525C9B2D5002B8728 /* Release */,
			);
			defaultConfigurationIsVisible = 0;
			defaultConfigurationName = Release;
		};
/* End XCConfigurationList section */
	};
	rootObject = 04D52A2B25C9B2D2002B8728 /* Project object */;
}
